{
    "_readme": [
        "This file locks the dependencies of your project to a known state",
        "Read more about it at https://getcomposer.org/doc/01-basic-usage.md#installing-dependencies",
        "This file is @generated automatically"
    ],
    "content-hash": "a0800d1ccc7ba8e72dfd1f2255f5e037",
    "packages": [
        {
            "name": "topthink/think-cache",
            "version": "v1.0",
            "source": {
                "type": "git",
                "url": "https://github.com/top-think/think-cache.git",
                "reference": "7a675a5f19aeb8ab98bdbf2c1a7220a623c9ec52"
            },
            "dist": {
                "type": "zip",
                "url": "https://api.github.com/repos/top-think/think-cache/zipball/7a675a5f19aeb8ab98bdbf2c1a7220a623c9ec52",
                "reference": "7a675a5f19aeb8ab98bdbf2c1a7220a623c9ec52",
                "shasum": "",
                "mirrors": [
                    {
                        "url": "https://mirrors.aliyun.com/composer/dists/%package%/%reference%.%type%",
                        "preferred": true
                    }
                ]
            },
            "require": {
                "php": ">=5.6.0"
            },
            "type": "library",
            "autoload": {
                "psr-4": {
                    "think\\": "src"
                },
                "files": []
            },
            "notification-url": "https://packagist.org/downloads/",
            "license": [
                "Apache-2.0"
            ],
            "authors": [
                {
                    "name": "liu21st",
                    "email": "liu21st@gmail.com"
                }
            ],
            "description": "Cache Manager",
            "support": {
                "issues": "https://github.com/top-think/think-cache/issues",
                "source": "https://github.com/top-think/think-cache/tree/master"
            },
            "time": "2018-01-25T06:19:18+00:00"
        }
    ],
    "packages-dev": [],
    "aliases": [],
    "minimum-stability": "stable",
    "stability-flags": [],
    "prefer-stable": false,
    "prefer-lowest": false,
    "platform": {
        "php": ">=5.6"
    },
    "platform-dev": [],
    "plugin-api-version": "2.0.0"
}
